
Microsoft Visual Studio Solution File, Format Version 12.00
# Visual Studio Version 16
VisualStudioVersion = 16.0.30002.166
MinimumVisualStudioVersion = 10.0.40219.1
Project("{FAE04EC0-301F-11D3-BF4B-00C04F79EFBC}") = "webitInflux", "webitInflux.csproj", "{EF9AB28F-6D05-4C4A-ACE6-149883234B9E}"
EndProject
Global
	GlobalSection(SolutionConfigurationPlatforms) = preSolution
		Debug|Any CPU = Debug|Any CPU
		Release|Any CPU = Release|Any CPU
	EndGlobalSection
	GlobalSection(ProjectConfigurationPlatforms) = postSolution
		{EF9AB28F-6D05-4C4A-ACE6-149883234B9E}.Debug|Any CPU.ActiveCfg = Debug|Any CPU
		{EF9AB28F-6D05-4C4A-ACE6-149883234B9E}.Debug|Any CPU.Build.0 = Debug|Any CPU
		{EF9AB28F-6D05-4C4A-ACE6-149883234B9E}.Release|Any CPU.ActiveCfg = Release|Any CPU
		{EF9AB28F-6D05-4C4A-ACE6-149883234B9E}.Release|Any CPU.Build.0 = Release|Any CPU
	EndGlobalSection
	GlobalSection(SolutionProperties) = preSolution
		HideSolutionNode = FALSE
	EndGlobalSection
	GlobalSection(ExtensibilityGlobals) = postSolution
		SolutionGuid = {CC3DAF21-94FD-4709-8969-165BEDF92A4C}
	EndGlobalSection
EndGlobal
